// !$*UTF8*$!
{
	archiveVersion = 1;
	classes = {
	};
	objectVersion = 55;
	objects = {

/* Begin PBXBuildFile section */
		4B9FD511275CF42000FA2280 /* MovieImageView.swift in Sources */ = {isa = PBXBuildFile; fileRef = 4B9FD510275CF42000FA2280 /* MovieImageView.swift */; };
		4BA19308275643EA0051A95B /* AppDelegate.swift in Sources */ = {isa = PBXBuildFile; fileRef = 4BA19307275643EA0051A95B /* AppDelegate.swift */; };
		4BA1930A275643EA0051A95B /* SceneDelegate.swift in Sources */ = {isa = PBXBuildFile; fileRef = 4BA19309275643EA0051A95B /* SceneDelegate.swift */; };
		4BA1930C275643EA0051A95B /* MainViewController.swift in Sources */ = {isa = PBXBuildFile; fileRef = 4BA1930B275643EA0051A95B /* MainViewController.swift */; };
		4BA1930F275643EA0051A95B /* Main.storyboard in Resources */ = {isa = PBXBuildFile; fileRef = 4BA1930D275643EA0051A95B /* Main.storyboard */; };
		4BA19311275643EE0051A95B /* Assets.xcassets in Resources */ = {isa = PBXBuildFile; fileRef = 4BA19310275643EE0051A95B /* Assets.xcassets */; };
		4BA19314275643EE0051A95B /* LaunchScreen.storyboard in Resources */ = {isa = PBXBuildFile; fileRef = 4BA19312275643EE0051A95B /* LaunchScreen.storyboard */; };
		4BA1932527564EBA0051A95B /* Movies.swift in Sources */ = {isa = PBXBuildFile; fileRef = 4BA1932427564EBA0051A95B /* Movies.swift */; };
		4BA1932727564F050051A95B /* NetworkManager.swift in Sources */ = {isa = PBXBuildFile; fileRef = 4BA1932627564F050051A95B /* NetworkManager.swift */; };
		4BA1932927574AC80051A95B /* MovieCell.swift in Sources */ = {isa = PBXBuildFile; fileRef = 4BA1932827574AC80051A95B /* MovieCell.swift */; };
		4BA1932B2757E5DB0051A95B /* DetailViewController.swift in Sources */ = {isa = PBXBuildFile; fileRef = 4BA1932A2757E5DB0051A95B /* DetailViewController.swift */; };
		8747771917FD51E6B42363B6 /* Pods_Top250Movie_alamofire.framework in Frameworks */ = {isa = PBXBuildFile; fileRef = 2243E01CC2D6C78ECB7B6C4E /* Pods_Top250Movie_alamofire.framework */; };
/* End PBXBuildFile section */

/* Begin PBXFileReference section */
		2243E01CC2D6C78ECB7B6C4E /* Pods_Top250Movie_alamofire.framework */ = {isa = PBXFileReference; explicitFileType = wrapper.framework; includeInIndex = 0; path = Pods_Top250Movie_alamofire.framework; sourceTree = BUILT_PRODUCTS_DIR; };
		4B9FD510275CF42000FA2280 /* MovieImageView.swift */ = {isa = PBXFileReference; lastKnownFileType = sourcecode.swift; path = MovieImageView.swift; sourceTree = "<group>"; };
		4BA19304275643EA0051A95B /* Top250Movie_alamofire.app */ = {isa = PBXFileReference; explicitFileType = wrapper.application; includeInIndex = 0; path = Top250Movie_alamofire.app; sourceTree = BUILT_PRODUCTS_DIR; };
		4BA19307275643EA0051A95B /* AppDelegate.swift */ = {isa = PBXFileReference; lastKnownFileType = sourcecode.swift; path = AppDelegate.swift; sourceTree = "<group>"; };
		4BA19309275643EA0051A95B /* SceneDelegate.swift */ = {isa = PBXFileReference; lastKnownFileType = sourcecode.swift; path = SceneDelegate.swift; sourceTree = "<group>"; };
		4BA1930B275643EA0051A95B /* MainViewController.swift */ = {isa = PBXFileReference; lastKnownFileType = sourcecode.swift; path = MainViewController.swift; sourceTree = "<group>"; };
		4BA1930E275643EA0051A95B /* Base */ = {isa = PBXFileReference; lastKnownFileType = file.storyboard; name = Base; path = Base.lproj/Main.storyboard; sourceTree = "<group>"; };
		4BA19310275643EE0051A95B /* Assets.xcassets */ = {isa = PBXFileReference; lastKnownFileType = folder.assetcatalog; path = Assets.xcassets; sourceTree = "<group>"; };
		4BA19313275643EE0051A95B /* Base */ = {isa = PBXFileReference; lastKnownFileType = file.storyboard; name = Base; path = Base.lproj/LaunchScreen.storyboard; sourceTree = "<group>"; };
		4BA19315275643EE0051A95B /* Info.plist */ = {isa = PBXFileReference; lastKnownFileType = text.plist.xml; path = Info.plist; sourceTree = "<group>"; };
		4BA1932427564EBA0051A95B /* Movies.swift */ = {isa = PBXFileReference; lastKnownFileType = sourcecode.swift; path = Movies.swift; sourceTree = "<group>"; };
		4BA1932627564F050051A95B /* NetworkManager.swift */ = {isa = PBXFileReference; lastKnownFileType = sourcecode.swift; path = NetworkManager.swift; sourceTree = "<group>"; };
		4BA1932827574AC80051A95B /* MovieCell.swift */ = {isa = PBXFileReference; lastKnownFileType = sourcecode.swift; path = MovieCell.swift; sourceTree = "<group>"; };
		4BA1932A2757E5DB0051A95B /* DetailViewController.swift */ = {isa = PBXFileReference; lastKnownFileType = sourcecode.swift; path = DetailViewController.swift; sourceTree = "<group>"; };
		571974E5462260D1EFDB6EAC /* Pods-Top250Movie_alamofire.release.xcconfig */ = {isa = PBXFileReference; includeInIndex = 1; lastKnownFileType = text.xcconfig; name = "Pods-Top250Movie_alamofire.release.xcconfig"; path = "Target Support Files/Pods-Top250Movie_alamofire/Pods-Top250Movie_alamofire.release.xcconfig"; sourceTree = "<group>"; };
		6C1A78657148405C6AE1885E /* Pods-Top250Movie_alamofire.debug.xcconfig */ = {isa = PBXFileReference; includeInIndex = 1; lastKnownFileType = text.xcconfig; name = "Pods-Top250Movie_alamofire.debug.xcconfig"; path = "Target Support Files/Pods-Top250Movie_alamofire/Pods-Top250Movie_alamofire.debug.xcconfig"; sourceTree = "<group>"; };
/* End PBXFileReference section */

/* Begin PBXFrameworksBuildPhase section */
		4BA19301275643EA0051A95B /* Frameworks */ = {
			isa = PBXFrameworksBuildPhase;
			buildActionMask = 2147483647;
			files = (
				8747771917FD51E6B42363B6 /* Pods_Top250Movie_alamofire.framework in Frameworks */,
			);
			runOnlyForDeploymentPostprocessing = 0;
		};
/* End PBXFrameworksBuildPhase section */

/* Begin PBXGroup section */
		4BA192FB275643EA0051A95B = {
			isa = PBXGroup;
			children = (
				4BA19306275643EA0051A95B /* Top250Movie_alamofire */,
				4BA19305275643EA0051A95B /* Products */,
				946B8577569777E7B3094636 /* Pods */,
				6CFE8BC12DD1137D08C254B0 /* Frameworks */,
			);
			sourceTree = "<group>";
		};
		4BA19305275643EA0051A95B /* Products */ = {
			isa = PBXGroup;
			children = (
				4BA19304275643EA0051A95B /* Top250Movie_alamofire.app */,
			);
			name = Products;
			sourceTree = "<group>";
		};
		4BA19306275643EA0051A95B /* Top250Movie_alamofire */ = {
			isa = PBXGroup;
			children = (
				4BA1931D27564E630051A95B /* Configs */,
				4BA1931E27564E6A0051A95B /* Models */,
				4BA1932227564E820051A95B /* Resourses */,
				4BA1932127564E7D0051A95B /* Services */,
				4BA1932327564E950051A95B /* Storyboards */,
				4BA1932027564E780051A95B /* View */,
				4BA1931F27564E710051A95B /* ViewControllers */,
			);
			path = Top250Movie_alamofire;
			sourceTree = "<group>";
		};
		4BA1931D27564E630051A95B /* Configs */ = {
			isa = PBXGroup;
			children = (
				4BA19307275643EA0051A95B /* AppDelegate.swift */,
				4BA19309275643EA0051A95B /* SceneDelegate.swift */,
			);
			path = Configs;
			sourceTree = "<group>";
		};
		4BA1931E27564E6A0051A95B /* Models */ = {
			isa = PBXGroup;
			children = (
				4BA1932427564EBA0051A95B /* Movies.swift */,
			);
			path = Models;
			sourceTree = "<group>";
		};
		4BA1931F27564E710051A95B /* ViewControllers */ = {
			isa = PBXGroup;
			children = (
				4BA1930B275643EA0051A95B /* MainViewController.swift */,
				4BA1932A2757E5DB0051A95B /* DetailViewController.swift */,
			);
			path = ViewControllers;
			sourceTree = "<group>";
		};
		4BA1932027564E780051A95B /* View */ = {
			isa = PBXGroup;
			children = (
				4BA1932827574AC80051A95B /* MovieCell.swift */,
				4B9FD510275CF42000FA2280 /* MovieImageView.swift */,
			);
			path = View;
			sourceTree = "<group>";
		};
		4BA1932127564E7D0051A95B /* Services */ = {
			isa = PBXGroup;
			children = (
				4BA1932627564F050051A95B /* NetworkManager.swift */,
			);
			path = Services;
			sourceTree = "<group>";
		};
		4BA1932227564E820051A95B /* Resourses */ = {
			isa = PBXGroup;
			children = (
				4BA19310275643EE0051A95B /* Assets.xcassets */,
				4BA19315275643EE0051A95B /* Info.plist */,
			);
			path = Resourses;
			sourceTree = "<group>";
		};
		4BA1932327564E950051A95B /* Storyboards */ = {
			isa = PBXGroup;
			children = (
				4BA19312275643EE0051A95B /* LaunchScreen.storyboard */,
				4BA1930D275643EA0051A95B /* Main.storyboard */,
			);
			path = Storyboards;
			sourceTree = "<group>";
		};
		6CFE8BC12DD1137D08C254B0 /* Frameworks */ = {
			isa = PBXGroup;
			children = (
				2243E01CC2D6C78ECB7B6C4E /* Pods_Top250Movie_alamofire.framework */,
			);
			name = Frameworks;
			sourceTree = "<group>";
		};
		946B8577569777E7B3094636 /* Pods */ = {
			isa = PBXGroup;
			children = (
				6C1A78657148405C6AE1885E /* Pods-Top250Movie_alamofire.debug.xcconfig */,
				571974E5462260D1EFDB6EAC /* Pods-Top250Movie_alamofire.release.xcconfig */,
			);
			path = Pods;
			sourceTree = "<group>";
		};
/* End PBXGroup section */

/* Begin PBXNativeTarget section */
		4BA19303275643EA0051A95B /* Top250Movie_alamofire */ = {
			isa = PBXNativeTarget;
			buildConfigurationList = 4BA19318275643EF0051A95B /* Build configuration list for PBXNativeTarget "Top250Movie_alamofire" */;
			buildPhases = (
				E1BC0241E6DB1DE43F905FF7 /* [CP] Check Pods Manifest.lock */,
				4BA19300275643EA0051A95B /* Sources */,
				4BA19301275643EA0051A95B /* Frameworks */,
				4BA19302275643EA0051A95B /* Resources */,
				8E95075CFF2E5D58F65D8BC4 /* [CP] Embed Pods Frameworks */,
			);
			buildRules = (
			);
			dependencies = (
			);
			name = Top250Movie_alamofire;
			productName = Top250Movie_alamofire;
			productReference = 4BA19304275643EA0051A95B /* Top250Movie_alamofire.app */;
			productType = "com.apple.product-type.application";
		};
/* End PBXNativeTarget section */

/* Begin PBXProject section */
		4BA192FC275643EA0051A95B /* Project object */ = {
			isa = PBXProject;
			attributes = {
				BuildIndependentTargetsInParallel = 1;
				LastSwiftUpdateCheck = 1310;
				LastUpgradeCheck = 1310;
				TargetAttributes = {
					4BA19303275643EA0051A95B = {
						CreatedOnToolsVersion = 13.1;
					};
				};
			};
			buildConfigurationList = 4BA192FF275643EA0051A95B /* Build configuration list for PBXProject "Top250Movie_alamofire" */;
			compatibilityVersion = "Xcode 13.0";
			developmentRegion = en;
			hasScannedForEncodings = 0;
			knownRegions = (
				en,
				Base,
			);
			mainGroup = 4BA192FB275643EA0051A95B;
			productRefGroup = 4BA19305275643EA0051A95B /* Products */;
			projectDirPath = "";
			projectRoot = "";
			targets = (
				4BA19303275643EA0051A95B /* Top250Movie_alamofire */,
			);
		};
/* End PBXProject section */

/* Begin PBXResourcesBuildPhase section */
		4BA19302275643EA0051A95B /* Resources */ = {
			isa = PBXResourcesBuildPhase;
			buildActionMask = 2147483647;
			files = (
				4BA19314275643EE0051A95B /* LaunchScreen.storyboard in Resources */,
				4BA19311275643EE0051A95B /* Assets.xcassets in Resources */,
				4BA1930F275643EA0051A95B /* Main.storyboard in Resources */,
			);
			runOnlyForDeploymentPostprocessing = 0;
		};
/* End PBXResourcesBuildPhase section */

/* Begin PBXShellScriptBuildPhase section */
		8E95075CFF2E5D58F65D8BC4 /* [CP] Embed Pods Frameworks */ = {
			isa = PBXShellScriptBuildPhase;
			buildActionMask = 2147483647;
			files = (
			);
			inputFileListPaths = (
				"${PODS_ROOT}/Target Support Files/Pods-Top250Movie_alamofire/Pods-Top250Movie_alamofire-frameworks-${CONFIGURATION}-input-files.xcfilelist",
			);
			name = "[CP] Embed Pods Frameworks";
			outputFileListPaths = (
				"${PODS_ROOT}/Target Support Files/Pods-Top250Movie_alamofire/Pods-Top250Movie_alamofire-frameworks-${CONFIGURATION}-output-files.xcfilelist",
			);
			runOnlyForDeploymentPostprocessing = 0;
			shellPath = /bin/sh;
			shellScript = "\"${PODS_ROOT}/Target Support Files/Pods-Top250Movie_alamofire/Pods-Top250Movie_alamofire-frameworks.sh\"\n";
			showEnvVarsInLog = 0;
		};
		E1BC0241E6DB1DE43F905FF7 /* [CP] Check Pods Manifest.lock */ = {
			isa = PBXShellScriptBuildPhase;
			buildActionMask = 2147483647;
			files = (
			);
			inputFileListPaths = (
			);
			inputPaths = (
				"${PODS_PODFILE_DIR_PATH}/Podfile.lock",
				"${PODS_ROOT}/Manifest.lock",
			);
			name = "[CP] Check Pods Manifest.lock";
			outputFileListPaths = (
			);
			outputPaths = (
				"$(DERIVED_FILE_DIR)/Pods-Top250Movie_alamofire-checkManifestLockResult.txt",
			);
			runOnlyForDeploymentPostprocessing = 0;
			shellPath = /bin/sh;
			shellScript = "diff \"${PODS_PODFILE_DIR_PATH}/Podfile.lock\" \"${PODS_ROOT}/Manifest.lock\" > /dev/null\nif [ $? != 0 ] ; then\n    # print error to STDERR\n    echo \"error: The sandbox is not in sync with the Podfile.lock. Run 'pod install' or update your CocoaPods installation.\" >&2\n    exit 1\nfi\n# This output is used by Xcode 'outputs' to avoid re-running this script phase.\necho \"SUCCESS\" > \"${SCRIPT_OUTPUT_FILE_0}\"\n";
			showEnvVarsInLog = 0;
		};
/* End PBXShellScriptBuildPhase section */

/* Begin PBXSourcesBuildPhase section */
		4BA19300275643EA0051A95B /* Sources */ = {
			isa = PBXSourcesBuildPhase;
			buildActionMask = 2147483647;
			files = (
				4BA1930C275643EA0051A95B /* MainViewController.swift in Sources */,
				4BA19308275643EA0051A95B /* AppDelegate.swift in Sources */,
				4BA1932927574AC80051A95B /* MovieCell.swift in Sources */,
				4BA1932727564F050051A95B /* NetworkManager.swift in Sources */,
				4BA1932527564EBA0051A95B /* Movies.swift in Sources */,
				4B9FD511275CF42000FA2280 /* MovieImageView.swift in Sources */,
				4BA1930A275643EA0051A95B /* SceneDelegate.swift in Sources */,
				4BA1932B2757E5DB0051A95B /* DetailViewController.swift in Sources */,
			);
			runOnlyForDeploymentPostprocessing = 0;
		};
/* End PBXSourcesBuildPhase section */

/* Begin PBXVariantGroup section */
		4BA1930D275643EA0051A95B /* Main.storyboard */ = {
			isa = PBXVariantGroup;
			children = (
				4BA1930E275643EA0051A95B /* Base */,
			);
			name = Main.storyboard;
			sourceTree = "<group>";
		};
		4BA19312275643EE0051A95B /* LaunchScreen.storyboard */ = {
			isa = PBXVariantGroup;
			children = (
				4BA19313275643EE0051A95B /* Base */,
			);
			name = LaunchScreen.storyboard;
			sourceTree = "<group>";
		};
/* End PBXVariantGroup section */

/* Begin XCBuildConfiguration section */
		4BA19316275643EE0051A95B /* Debug */ = {
			isa = XCBuildConfiguration;
			buildSettings = {
				ALWAYS_SEARCH_USER_PATHS = NO;
				CLANG_ANALYZER_NONNULL = YES;
				CLANG_ANALYZER_NUMBER_OBJECT_CONVERSION = YES_AGGRESSIVE;
				CLANG_CXX_LANGUAGE_STANDARD = "gnu++17";
				CLANG_CXX_LIBRARY = "libc++";
				CLANG_ENABLE_MODULES = YES;
				CLANG_ENABLE_OBJC_ARC = YES;
				CLANG_ENABLE_OBJC_WEAK = YES;
				CLANG_WARN_BLOCK_CAPTURE_AUTORELEASING = YES;
				CLANG_WARN_BOOL_CONVERSION = YES;
				CLANG_WARN_COMMA = YES;
				CLANG_WARN_CONSTANT_CONVERSION = YES;
				CLANG_WARN_DEPRECATED_OBJC_IMPLEMENTATIONS = YES;
				CLANG_WARN_DIRECT_OBJC_ISA_USAGE = YES_ERROR;
				CLANG_WARN_DOCUMENTATION_COMMENTS = YES;
				CLANG_WARN_EMPTY_BODY = YES;
				CLANG_WARN_ENUM_CONVERSION = YES;
				CLANG_WARN_INFINITE_RECURSION = YES;
				CLANG_WARN_INT_CONVERSION = YES;
				CLANG_WARN_NON_LITERAL_NULL_CONVERSION = YES;
				CLANG_WARN_OBJC_IMPLICIT_RETAIN_SELF = YES;
				CLANG_WARN_OBJC_LITERAL_CONVERSION = YES;
				CLANG_WARN_OBJC_ROOT_CLASS = YES_ERROR;
				CLANG_WARN_QUOTED_INCLUDE_IN_FRAMEWORK_HEADER = YES;
				CLANG_WARN_RANGE_LOOP_ANALYSIS = YES;
				CLANG_WARN_STRICT_PROTOTYPES = YES;
				CLANG_WARN_SUSPICIOUS_MOVE = YES;
				CLANG_WARN_UNGUARDED_AVAILABILITY = YES_AGGRESSIVE;
				CLANG_WARN_UNREACHABLE_CODE = YES;
				CLANG_WARN__DUPLICATE_METHOD_MATCH = YES;
				COPY_PHASE_STRIP = NO;
				DEBUG_INFORMATION_FORMAT = dwarf;
				ENABLE_STRICT_OBJC_MSGSEND = YES;
				ENABLE_TESTABILITY = YES;
				GCC_C_LANGUAGE_STANDARD = gnu11;
				GCC_DYNAMIC_NO_PIC = NO;
				GCC_NO_COMMON_BLOCKS = YES;
				GCC_OPTIMIZATION_LEVEL = 0;
				GCC_PREPROCESSOR_DEFINITIONS = (
					"DEBUG=1",
					"$(inherited)",
				);
				GCC_WARN_64_TO_32_BIT_CONVERSION = YES;
				GCC_WARN_ABOUT_RETURN_TYPE = YES_ERROR;
				GCC_WARN_UNDECLARED_SELECTOR = YES;
				GCC_WARN_UNINITIALIZED_AUTOS = YES_AGGRESSIVE;
				GCC_WARN_UNUSED_FUNCTION = YES;
				GCC_WARN_UNUSED_VARIABLE = YES;
				IPHONEOS_DEPLOYMENT_TARGET = 15.0;
				MTL_ENABLE_DEBUG_INFO = INCLUDE_SOURCE;
				MTL_FAST_MATH = YES;
				ONLY_ACTIVE_ARCH = YES;
				SDKROOT = iphoneos;
				SWIFT_ACTIVE_COMPILATION_CONDITIONS = DEBUG;
				SWIFT_OPTIMIZATION_LEVEL = "-Onone";
			};
			name = Debug;
		};
		4BA19317275643EE0051A95B /* Release */ = {
			isa = XCBuildConfiguration;
			buildSettings = {
				ALWAYS_SEARCH_USER_PATHS = NO;
				CLANG_ANALYZER_NONNULL = YES;
				CLANG_ANALYZER_NUMBER_OBJECT_CONVERSION = YES_AGGRESSIVE;
				CLANG_CXX_LANGUAGE_STANDARD = "gnu++17";
				CLANG_CXX_LIBRARY = "libc++";
				CLANG_ENABLE_MODULES = YES;
				CLANG_ENABLE_OBJC_ARC = YES;
				CLANG_ENABLE_OBJC_WEAK = YES;
				CLANG_WARN_BLOCK_CAPTURE_AUTORELEASING = YES;
				CLANG_WARN_BOOL_CONVERSION = YES;
				CLANG_WARN_COMMA = YES;
				CLANG_WARN_CONSTANT_CONVERSION = YES;
				CLANG_WARN_DEPRECATED_OBJC_IMPLEMENTATIONS = YES;
				CLANG_WARN_DIRECT_OBJC_ISA_USAGE = YES_ERROR;
				CLANG_WARN_DOCUMENTATION_COMMENTS = YES;
				CLANG_WARN_EMPTY_BODY = YES;
				CLANG_WARN_ENUM_CONVERSION = YES;
				CLANG_WARN_INFINITE_RECURSION = YES;
				CLANG_WARN_INT_CONVERSION = YES;
				CLANG_WARN_NON_LITERAL_NULL_CONVERSION = YES;
				CLANG_WARN_OBJC_IMPLICIT_RETAIN_SELF = YES;
				CLANG_WARN_OBJC_LITERAL_CONVERSION = YES;
				CLANG_WARN_OBJC_ROOT_CLASS = YES_ERROR;
				CLANG_WARN_QUOTED_INCLUDE_IN_FRAMEWORK_HEADER = YES;
				CLANG_WARN_RANGE_LOOP_ANALYSIS = YES;
				CLANG_WARN_STRICT_PROTOTYPES = YES;
				CLANG_WARN_SUSPICIOUS_MOVE = YES;
				CLANG_WARN_UNGUARDED_AVAILABILITY = YES_AGGRESSIVE;
				CLANG_WARN_UNREACHABLE_CODE = YES;
				CLANG_WARN__DUPLICATE_METHOD_MATCH = YES;
				COPY_PHASE_STRIP = NO;
				DEBUG_INFORMATION_FORMAT = "dwarf-with-dsym";
				ENABLE_NS_ASSERTIONS = NO;
				ENABLE_STRICT_OBJC_MSGSEND = YES;
				GCC_C_LANGUAGE_STANDARD = gnu11;
				GCC_NO_COMMON_BLOCKS = YES;
				GCC_WARN_64_TO_32_BIT_CONVERSION = YES;
				GCC_WARN_ABOUT_RETURN_TYPE = YES_ERROR;
				GCC_WARN_UNDECLARED_SELECTOR = YES;
				GCC_WARN_UNINITIALIZED_AUTOS = YES_AGGRESSIVE;
				GCC_WARN_UNUSED_FUNCTION = YES;
				GCC_WARN_UNUSED_VARIABLE = YES;
				IPHONEOS_DEPLOYMENT_TARGET = 15.0;
				MTL_ENABLE_DEBUG_INFO = NO;
				MTL_FAST_MATH = YES;
				SDKROOT = iphoneos;
				SWIFT_COMPILATION_MODE = wholemodule;
				SWIFT_OPTIMIZATION_LEVEL = "-O";
				VALIDATE_PRODUCT = YES;
			};
			name = Release;
		};
		4BA19319275643EF0051A95B /* Debug */ = {
			isa = XCBuildConfiguration;
			baseConfigurationReference = 6C1A78657148405C6AE1885E /* Pods-Top250Movie_alamofire.debug.xcconfig */;
			buildSettings = {
				ASSETCATALOG_COMPILER_APPICON_NAME = AppIcon;
				ASSETCATALOG_COMPILER_GLOBAL_ACCENT_COLOR_NAME = AccentColor;
				CODE_SIGN_STYLE = Automatic;
				CURRENT_PROJECT_VERSION = 1;
				DEVELOPMENT_TEAM = 7T9FUXX6ZC;
				GENERATE_INFOPLIST_FILE = YES;
				INFOPLIST_FILE = Top250Movie_alamofire/Resourses/Info.plist;
				INFOPLIST_KEY_NSPhotoLibraryAddUsageDescription = "Our app needs permission to write photos from your photos library.";
				INFOPLIST_KEY_UIApplicationSupportsIndirectInputEvents = YES;
				INFOPLIST_KEY_UILaunchStoryboardName = LaunchScreen;
				INFOPLIST_KEY_UIMainStoryboardFile = Main;
				INFOPLIST_KEY_UIStatusBarHidden = YES;
				INFOPLIST_KEY_UISupportedInterfaceOrientations = UIInterfaceOrientationPortrait;
				INFOPLIST_KEY_UISupportedInterfaceOrientations_iPad = "UIInterfaceOrientationPortrait UIInterfaceOrientationPortraitUpsideDown UIInterfaceOrientationLandscapeLeft UIInterfaceOrientationLandscapeRight";
				INFOPLIST_KEY_UISupportedInterfaceOrientations_iPhone = "UIInterfaceOrientationPortrait UIInterfaceOrientationLandscapeLeft UIInterfaceOrientationLandscapeRight";
				LD_RUNPATH_SEARCH_PATHS = (
					"$(inherited)",
					"@executable_path/Frameworks",
				);
				MARKETING_VERSION = 1.0.1;
				PRODUCT_BUNDLE_IDENTIFIER = "ru.myhomework.Top250Movie-alamofire";
				PRODUCT_NAME = "$(TARGET_NAME)";
				SWIFT_EMIT_LOC_STRINGS = YES;
				SWIFT_VERSION = 5.0;
				TARGETED_DEVICE_FAMILY = 1;
			};
			name = Debug;
		};
		4BA1931A275643EF0051A95B /* Release */ = {
			isa = XCBuildConfiguration;
			baseConfigurationReference = 571974E5462260D1EFDB6EAC /* Pods-Top250Movie_alamofire.release.xcconfig */;
			buildSettings = {
				ASSETCATALOG_COMPILER_APPICON_NAME = AppIcon;
				ASSETCATALOG_COMPILER_GLOBAL_ACCENT_COLOR_NAME = AccentColor;
				CODE_SIGN_STYLE = Automatic;
				CURRENT_PROJECT_VERSION = 1;
				DEVELOPMENT_TEAM = 7T9FUXX6ZC;
				GENERATE_INFOPLIST_FILE = YES;
				INFOPLIST_FILE = Top250Movie_alamofire/Resourses/Info.plist;
				INFOPLIST_KEY_NSPhotoLibraryAddUsageDescription = "Our app needs permission to write photos from your photos library.";
				INFOPLIST_KEY_UIApplicationSupportsIndirectInputEvents = YES;
				INFOPLIST_KEY_UILaunchStoryboardName = LaunchScreen;
				INFOPLIST_KEY_UIMainStoryboardFile = Main;
				INFOPLIST_KEY_UIStatusBarHidden = YES;
				INFOPLIST_KEY_UISupportedInterfaceOrientations = UIInterfaceOrientationPortrait;
				INFOPLIST_KEY_UISupportedInterfaceOrientations_iPad = "UIInterfaceOrientationPortrait UIInterfaceOrientationPortraitUpsideDown UIInterfaceOrientationLandscapeLeft UIInterfaceOrientationLandscapeRight";
				INFOPLIST_KEY_UISupportedInterfaceOrientations_iPhone = "UIInterfaceOrientationPortrait UIInterfaceOrientationLandscapeLeft UIInterfaceOrientationLandscapeRight";
				LD_RUNPATH_SEARCH_PATHS = (
					"$(inherited)",
					"@executable_path/Frameworks",
				);
				MARKETING_VERSION = 1.0.1;
				PRODUCT_BUNDLE_IDENTIFIER = "ru.myhomework.Top250Movie-alamofire";
				PRODUCT_NAME = "$(TARGET_NAME)";
				SWIFT_EMIT_LOC_STRINGS = YES;
				SWIFT_VERSION = 5.0;
				TARGETED_DEVICE_FAMILY = 1;
			};
			name = Release;
		};
/* End XCBuildConfiguration section */

/* Begin XCConfigurationList section */
		4BA192FF275643EA0051A95B /* Build configuration list for PBXProject "Top250Movie_alamofire" */ = {
			isa = XCConfigurationList;
			buildConfigurations = (
				4BA19316275643EE0051A95B /* Debug */,
				4BA19317275643EE0051A95B /* Release */,
			);
			defaultConfigurationIsVisible = 0;
			defaultConfigurationName = Release;
		};
		4BA19318275643EF0051A95B /* Build configuration list for PBXNativeTarget "Top250Movie_alamofire" */ = {
			isa = XCConfigurationList;
			buildConfigurations = (
				4BA19319275643EF0051A95B /* Debug */,
				4BA1931A275643EF0051A95B /* Release */,
			);
			defaultConfigurationIsVisible = 0;
			defaultConfigurationName = Release;
		};
/* End XCConfigurationList section */
	};
	rootObject = 4BA192FC275643EA0051A95B /* Project object */;
}
